
Microsoft Visual Studio Solution File, Format Version 12.00
# Visual Studio Version 17
VisualStudioVersion = 17.7.34221.43
MinimumVisualStudioVersion = 10.0.40219.1
Project("{9A19103F-16F7-4668-BE54-9A1E7A4F7556}") = "Server", "Server\Server.csproj", "{794A27F9-B49B-48BC-AC38-67629C29ACFF}"
EndProject
Project("{9A19103F-16F7-4668-BE54-9A1E7A4F7556}") = "Client", "Client\Client.csproj", "{B9FB5884-03C9-4903-B6D7-A0A56B78949C}"
EndProject
Project("{9A19103F-16F7-4668-BE54-9A1E7A4F7556}") = "Core", "Core\Core.csproj", "{C8A1A98D-DD7C-4D5C-AA3E-8FBF264FC17B}"
EndProject
Global
	GlobalSection(SolutionConfigurationPlatforms) = preSolution
		Debug|Any CPU = Debug|Any CPU
		Release|Any CPU = Release|Any CPU
	EndGlobalSection
	GlobalSection(ProjectConfigurationPlatforms) = postSolution
		{794A27F9-B49B-48BC-AC38-67629C29ACFF}.Debug|Any CPU.ActiveCfg = Debug|Any CPU
		{794A27F9-B49B-48BC-AC38-67629C29ACFF}.Debug|Any CPU.Build.0 = Debug|Any CPU
		{794A27F9-B49B-48BC-AC38-67629C29ACFF}.Release|Any CPU.ActiveCfg = Release|Any CPU
		{794A27F9-B49B-48BC-AC38-67629C29ACFF}.Release|Any CPU.Build.0 = Release|Any CPU
		{B9FB5884-03C9-4903-B6D7-A0A56B78949C}.Debug|Any CPU.ActiveCfg = Debug|Any CPU
		{B9FB5884-03C9-4903-B6D7-A0A56B78949C}.Debug|Any CPU.Build.0 = Debug|Any CPU
		{B9FB5884-03C9-4903-B6D7-A0A56B78949C}.Release|Any CPU.ActiveCfg = Release|Any CPU
		{B9FB5884-03C9-4903-B6D7-A0A56B78949C}.Release|Any CPU.Build.0 = Release|Any CPU
		{C8A1A98D-DD7C-4D5C-AA3E-8FBF264FC17B}.Debug|Any CPU.ActiveCfg = Debug|Any CPU
		{C8A1A98D-DD7C-4D5C-AA3E-8FBF264FC17B}.Debug|Any CPU.Build.0 = Debug|Any CPU
		{C8A1A98D-DD7C-4D5C-AA3E-8FBF264FC17B}.Release|Any CPU.ActiveCfg = Release|Any CPU
		{C8A1A98D-DD7C-4D5C-AA3E-8FBF264FC17B}.Release|Any CPU.Build.0 = Release|Any CPU
	EndGlobalSection
	GlobalSection(SolutionProperties) = preSolution
		HideSolutionNode = FALSE
	EndGlobalSection
	GlobalSection(ExtensibilityGlobals) = postSolution
		SolutionGuid = {D29FEDB5-C6DB-4C0A-99A4-BBFA77FDF92D}
	EndGlobalSection
EndGlobal
